
Microsoft Visual Studio Solution File, Format Version 12.00
# Visual Studio Version 16
VisualStudioVersion = 16.0.30503.244
MinimumVisualStudioVersion = 10.0.40219.1
Project("{FAE04EC0-301F-11D3-BF4B-00C04F79EFBC}") = "ConsolaCodeFirst", "ConsolaCodeFirst\ConsolaCodeFirst.csproj", "{DBA03760-92B0-45BE-9D4D-C8FA1702E35D}"
EndProject
Project("{FAE04EC0-301F-11D3-BF4B-00C04F79EFBC}") = "Modelo", "Modelo\Modelo.csproj", "{FE6BBD2F-764B-46E4-A80C-AD7841A1E092}"
EndProject
Global
	GlobalSection(SolutionConfigurationPlatforms) = preSolution
		Debug|Any CPU = Debug|Any CPU
		Release|Any CPU = Release|Any CPU
	EndGlobalSection
	GlobalSection(ProjectConfigurationPlatforms) = postSolution
		{DBA03760-92B0-45BE-9D4D-C8FA1702E35D}.Debug|Any CPU.ActiveCfg = Debug|Any CPU
		{DBA03760-92B0-45BE-9D4D-C8FA1702E35D}.Debug|Any CPU.Build.0 = Debug|Any CPU
		{DBA03760-92B0-45BE-9D4D-C8FA1702E35D}.Release|Any CPU.ActiveCfg = Release|Any CPU
		{DBA03760-92B0-45BE-9D4D-C8FA1702E35D}.Release|Any CPU.Build.0 = Release|Any CPU
		{FE6BBD2F-764B-46E4-A80C-AD7841A1E092}.Debug|Any CPU.ActiveCfg = Debug|Any CPU
		{FE6BBD2F-764B-46E4-A80C-AD7841A1E092}.Debug|Any CPU.Build.0 = Debug|Any CPU
		{FE6BBD2F-764B-46E4-A80C-AD7841A1E092}.Release|Any CPU.ActiveCfg = Release|Any CPU
		{FE6BBD2F-764B-46E4-A80C-AD7841A1E092}.Release|Any CPU.Build.0 = Release|Any CPU
	EndGlobalSection
	GlobalSection(SolutionProperties) = preSolution
		HideSolutionNode = FALSE
	EndGlobalSection
	GlobalSection(ExtensibilityGlobals) = postSolution
		SolutionGuid = {8C84A202-BC7A-462E-BD8F-17707890684A}
	EndGlobalSection
EndGlobal
